// !$*UTF8*$!
{
	archiveVersion = 1;
	classes = {
	};
	objectVersion = 50;
	objects = {

/* Begin PBXBuildFile section */
		3F61C9F92527435F00633E20 /* AppDelegate.swift in Sources */ = {isa = PBXBuildFile; fileRef = 3F61C9F82527435F00633E20 /* AppDelegate.swift */; };
		3F61C9FB2527435F00633E20 /* SceneDelegate.swift in Sources */ = {isa = PBXBuildFile; fileRef = 3F61C9FA2527435F00633E20 /* SceneDelegate.swift */; };
		3F61C9FD2527435F00633E20 /* ViewController.swift in Sources */ = {isa = PBXBuildFile; fileRef = 3F61C9FC2527435F00633E20 /* ViewController.swift */; };
		3F61CA002527435F00633E20 /* Main.storyboard in Resources */ = {isa = PBXBuildFile; fileRef = 3F61C9FE2527435F00633E20 /* Main.storyboard */; };
		3F61CA022527436700633E20 /* Assets.xcassets in Resources */ = {isa = PBXBuildFile; fileRef = 3F61CA012527436700633E20 /* Assets.xcassets */; };
		3F61CA052527436800633E20 /* LaunchScreen.storyboard in Resources */ = {isa = PBXBuildFile; fileRef = 3F61CA032527436800633E20 /* LaunchScreen.storyboard */; };
		3F61CA102527436800633E20 /* try2Tests.swift in Sources */ = {isa = PBXBuildFile; fileRef = 3F61CA0F2527436800633E20 /* try2Tests.swift */; };
		3F61CA1B2527436800633E20 /* try2UITests.swift in Sources */ = {isa = PBXBuildFile; fileRef = 3F61CA1A2527436800633E20 /* try2UITests.swift */; };
		3F61CA2C2527505D00633E20 /* SeconController.swift in Sources */ = {isa = PBXBuildFile; fileRef = 3F61CA2B2527505D00633E20 /* SeconController.swift */; };
/* End PBXBuildFile section */

/* Begin PBXContainerItemProxy section */
		3F61CA0C2527436800633E20 /* PBXContainerItemProxy */ = {
			isa = PBXContainerItemProxy;
			containerPortal = 3F61C9ED2527435F00633E20 /* Project object */;
			proxyType = 1;
			remoteGlobalIDString = 3F61C9F42527435F00633E20;
			remoteInfo = try2;
		};
		3F61CA172527436800633E20 /* PBXContainerItemProxy */ = {
			isa = PBXContainerItemProxy;
			containerPortal = 3F61C9ED2527435F00633E20 /* Project object */;
			proxyType = 1;
			remoteGlobalIDString = 3F61C9F42527435F00633E20;
			remoteInfo = try2;
		};
/* End PBXContainerItemProxy section */

/* Begin PBXFileReference section */
		3F61C9F52527435F00633E20 /* try2.app */ = {isa = PBXFileReference; explicitFileType = wrapper.application; includeInIndex = 0; path = try2.app; sourceTree = BUILT_PRODUCTS_DIR; };
		3F61C9F82527435F00633E20 /* AppDelegate.swift */ = {isa = PBXFileReference; lastKnownFileType = sourcecode.swift; path = AppDelegate.swift; sourceTree = "<group>"; };
		3F61C9FA2527435F00633E20 /* SceneDelegate.swift */ = {isa = PBXFileReference; lastKnownFileType = sourcecode.swift; path = SceneDelegate.swift; sourceTree = "<group>"; };
		3F61C9FC2527435F00633E20 /* ViewController.swift */ = {isa = PBXFileReference; lastKnownFileType = sourcecode.swift; path = ViewController.swift; sourceTree = "<group>"; };
		3F61C9FF2527435F00633E20 /* Base */ = {isa = PBXFileReference; lastKnownFileType = file.storyboard; name = Base; path = Base.lproj/Main.storyboard; sourceTree = "<group>"; };
		3F61CA012527436700633E20 /* Assets.xcassets */ = {isa = PBXFileReference; lastKnownFileType = folder.assetcatalog; path = Assets.xcassets; sourceTree = "<group>"; };
		3F61CA042527436800633E20 /* Base */ = {isa = PBXFileReference; lastKnownFileType = file.storyboard; name = Base; path = Base.lproj/LaunchScreen.storyboard; sourceTree = "<group>"; };
		3F61CA062527436800633E20 /* Info.plist */ = {isa = PBXFileReference; lastKnownFileType = text.plist.xml; path = Info.plist; sourceTree = "<group>"; };
		3F61CA0B2527436800633E20 /* try2Tests.xctest */ = {isa = PBXFileReference; explicitFileType = wrapper.cfbundle; includeInIndex = 0; path = try2Tests.xctest; sourceTree = BUILT_PRODUCTS_DIR; };
		3F61CA0F2527436800633E20 /* try2Tests.swift */ = {isa = PBXFileReference; lastKnownFileType = sourcecode.swift; path = try2Tests.swift; sourceTree = "<group>"; };
		3F61CA112527436800633E20 /* Info.plist */ = {isa = PBXFileReference; lastKnownFileType = text.plist.xml; path = Info.plist; sourceTree = "<group>"; };
		3F61CA162527436800633E20 /* try2UITests.xctest */ = {isa = PBXFileReference; explicitFileType = wrapper.cfbundle; includeInIndex = 0; path = try2UITests.xctest; sourceTree = BUILT_PRODUCTS_DIR; };
		3F61CA1A2527436800633E20 /* try2UITests.swift */ = {isa = PBXFileReference; lastKnownFileType = sourcecode.swift; path = try2UITests.swift; sourceTree = "<group>"; };
		3F61CA1C2527436800633E20 /* Info.plist */ = {isa = PBXFileReference; lastKnownFileType = text.plist.xml; path = Info.plist; sourceTree = "<group>"; };
		3F61CA2B2527505D00633E20 /* SeconController.swift */ = {isa = PBXFileReference; lastKnownFileType = sourcecode.swift; path = SeconController.swift; sourceTree = "<group>"; };
/* End PBXFileReference section */

/* Begin PBXFrameworksBuildPhase section */
		3F61C9F22527435F00633E20 /* Frameworks */ = {
			isa = PBXFrameworksBuildPhase;
			buildActionMask = 2147483647;
			files = (
			);
			runOnlyForDeploymentPostprocessing = 0;
		};
		3F61CA082527436800633E20 /* Frameworks */ = {
			isa = PBXFrameworksBuildPhase;
			buildActionMask = 2147483647;
			files = (
			);
			runOnlyForDeploymentPostprocessing = 0;
		};
		3F61CA132527436800633E20 /* Frameworks */ = {
			isa = PBXFrameworksBuildPhase;
			buildActionMask = 2147483647;
			files = (
			);
			runOnlyForDeploymentPostprocessing = 0;
		};
/* End PBXFrameworksBuildPhase section */

/* Begin PBXGroup section */
		3F61C9EC2527435F00633E20 = {
			isa = PBXGroup;
			children = (
				3F61C9F72527435F00633E20 /* try2 */,
				3F61CA0E2527436800633E20 /* try2Tests */,
				3F61CA192527436800633E20 /* try2UITests */,
				3F61C9F62527435F00633E20 /* Products */,
			);
			sourceTree = "<group>";
		};
		3F61C9F62527435F00633E20 /* Products */ = {
			isa = PBXGroup;
			children = (
				3F61C9F52527435F00633E20 /* try2.app */,
				3F61CA0B2527436800633E20 /* try2Tests.xctest */,
				3F61CA162527436800633E20 /* try2UITests.xctest */,
			);
			name = Products;
			sourceTree = "<group>";
		};
		3F61C9F72527435F00633E20 /* try2 */ = {
			isa = PBXGroup;
			children = (
				3F61C9F82527435F00633E20 /* AppDelegate.swift */,
				3F61C9FA2527435F00633E20 /* SceneDelegate.swift */,
				3F61C9FC2527435F00633E20 /* ViewController.swift */,
				3F61C9FE2527435F00633E20 /* Main.storyboard */,
				3F61CA2B2527505D00633E20 /* SeconController.swift */,
				3F61CA012527436700633E20 /* Assets.xcassets */,
				3F61CA032527436800633E20 /* LaunchScreen.storyboard */,
				3F61CA062527436800633E20 /* Info.plist */,
			);
			path = try2;
			sourceTree = "<group>";
		};
		3F61CA0E2527436800633E20 /* try2Tests */ = {
			isa = PBXGroup;
			children = (
				3F61CA0F2527436800633E20 /* try2Tests.swift */,
				3F61CA112527436800633E20 /* Info.plist */,
			);
			path = try2Tests;
			sourceTree = "<group>";
		};
		3F61CA192527436800633E20 /* try2UITests */ = {
			isa = PBXGroup;
			children = (
				3F61CA1A2527436800633E20 /* try2UITests.swift */,
				3F61CA1C2527436800633E20 /* Info.plist */,
			);
			path = try2UITests;
			sourceTree = "<group>";
		};
/* End PBXGroup section */

/* Begin PBXNativeTarget section */
		3F61C9F42527435F00633E20 /* try2 */ = {
			isa = PBXNativeTarget;
			buildConfigurationList = 3F61CA1F2527436800633E20 /* Build configuration list for PBXNativeTarget "try2" */;
			buildPhases = (
				3F61C9F12527435F00633E20 /* Sources */,
				3F61C9F22527435F00633E20 /* Frameworks */,
				3F61C9F32527435F00633E20 /* Resources */,
			);
			buildRules = (
			);
			dependencies = (
			);
			name = try2;
			productName = try2;
			productReference = 3F61C9F52527435F00633E20 /* try2.app */;
			productType = "com.apple.product-type.application";
		};
		3F61CA0A2527436800633E20 /* try2Tests */ = {
			isa = PBXNativeTarget;
			buildConfigurationList = 3F61CA222527436800633E20 /* Build configuration list for PBXNativeTarget "try2Tests" */;
			buildPhases = (
				3F61CA072527436800633E20 /* Sources */,
				3F61CA082527436800633E20 /* Frameworks */,
				3F61CA092527436800633E20 /* Resources */,
			);
			buildRules = (
			);
			dependencies = (
				3F61CA0D2527436800633E20 /* PBXTargetDependency */,
			);
			name = try2Tests;
			productName = try2Tests;
			productReference = 3F61CA0B2527436800633E20 /* try2Tests.xctest */;
			productType = "com.apple.product-type.bundle.unit-test";
		};
		3F61CA152527436800633E20 /* try2UITests */ = {
			isa = PBXNativeTarget;
			buildConfigurationList = 3F61CA252527436800633E20 /* Build configuration list for PBXNativeTarget "try2UITests" */;
			buildPhases = (
				3F61CA122527436800633E20 /* Sources */,
				3F61CA132527436800633E20 /* Frameworks */,
				3F61CA142527436800633E20 /* Resources */,
			);
			buildRules = (
			);
			dependencies = (
				3F61CA182527436800633E20 /* PBXTargetDependency */,
			);
			name = try2UITests;
			productName = try2UITests;
			productReference = 3F61CA162527436800633E20 /* try2UITests.xctest */;
			productType = "com.apple.product-type.bundle.ui-testing";
		};
/* End PBXNativeTarget section */

/* Begin PBXProject section */
		3F61C9ED2527435F00633E20 /* Project object */ = {
			isa = PBXProject;
			attributes = {
				LastSwiftUpdateCheck = 1200;
				LastUpgradeCheck = 1200;
				TargetAttributes = {
					3F61C9F42527435F00633E20 = {
						CreatedOnToolsVersion = 12.0;
					};
					3F61CA0A2527436800633E20 = {
						CreatedOnToolsVersion = 12.0;
						TestTargetID = 3F61C9F42527435F00633E20;
					};
					3F61CA152527436800633E20 = {
						CreatedOnToolsVersion = 12.0;
						TestTargetID = 3F61C9F42527435F00633E20;
					};
				};
			};
			buildConfigurationList = 3F61C9F02527435F00633E20 /* Build configuration list for PBXProject "try2" */;
			compatibilityVersion = "Xcode 9.3";
			developmentRegion = en;
			hasScannedForEncodings = 0;
			knownRegions = (
				en,
				Base,
			);
			mainGroup = 3F61C9EC2527435F00633E20;
			productRefGroup = 3F61C9F62527435F00633E20 /* Products */;
			projectDirPath = "";
			projectRoot = "";
			targets = (
				3F61C9F42527435F00633E20 /* try2 */,
				3F61CA0A2527436800633E20 /* try2Tests */,
				3F61CA152527436800633E20 /* try2UITests */,
			);
		};
/* End PBXProject section */

/* Begin PBXResourcesBuildPhase section */
		3F61C9F32527435F00633E20 /* Resources */ = {
			isa = PBXResourcesBuildPhase;
			buildActionMask = 2147483647;
			files = (
				3F61CA052527436800633E20 /* LaunchScreen.storyboard in Resources */,
				3F61CA022527436700633E20 /* Assets.xcassets in Resources */,
				3F61CA002527435F00633E20 /* Main.storyboard in Resources */,
			);
			runOnlyForDeploymentPostprocessing = 0;
		};
		3F61CA092527436800633E20 /* Resources */ = {
			isa = PBXResourcesBuildPhase;
			buildActionMask = 2147483647;
			files = (
			);
			runOnlyForDeploymentPostprocessing = 0;
		};
		3F61CA142527436800633E20 /* Resources */ = {
			isa = PBXResourcesBuildPhase;
			buildActionMask = 2147483647;
			files = (
			);
			runOnlyForDeploymentPostprocessing = 0;
		};
/* End PBXResourcesBuildPhase section */

/* Begin PBXSourcesBuildPhase section */
		3F61C9F12527435F00633E20 /* Sources */ = {
			isa = PBXSourcesBuildPhase;
			buildActionMask = 2147483647;
			files = (
				3F61CA2C2527505D00633E20 /* SeconController.swift in Sources */,
				3F61C9FD2527435F00633E20 /* ViewController.swift in Sources */,
				3F61C9F92527435F00633E20 /* AppDelegate.swift in Sources */,
				3F61C9FB2527435F00633E20 /* SceneDelegate.swift in Sources */,
			);
			runOnlyForDeploymentPostprocessing = 0;
		};
		3F61CA072527436800633E20 /* Sources */ = {
			isa = PBXSourcesBuildPhase;
			buildActionMask = 2147483647;
			files = (
				3F61CA102527436800633E20 /* try2Tests.swift in Sources */,
			);
			runOnlyForDeploymentPostprocessing = 0;
		};
		3F61CA122527436800633E20 /* Sources */ = {
			isa = PBXSourcesBuildPhase;
			buildActionMask = 2147483647;
			files = (
				3F61CA1B2527436800633E20 /* try2UITests.swift in Sources */,
			);
			runOnlyForDeploymentPostprocessing = 0;
		};
/* End PBXSourcesBuildPhase section */

/* Begin PBXTargetDependency section */
		3F61CA0D2527436800633E20 /* PBXTargetDependency */ = {
			isa = PBXTargetDependency;
			target = 3F61C9F42527435F00633E20 /* try2 */;
			targetProxy = 3F61CA0C2527436800633E20 /* PBXContainerItemProxy */;
		};
		3F61CA182527436800633E20 /* PBXTargetDependency */ = {
			isa = PBXTargetDependency;
			target = 3F61C9F42527435F00633E20 /* try2 */;
			targetProxy = 3F61CA172527436800633E20 /* PBXContainerItemProxy */;
		};
/* End PBXTargetDependency section */

/* Begin PBXVariantGroup section */
		3F61C9FE2527435F00633E20 /* Main.storyboard */ = {
			isa = PBXVariantGroup;
			children = (
				3F61C9FF2527435F00633E20 /* Base */,
			);
			name = Main.storyboard;
			sourceTree = "<group>";
		};
		3F61CA032527436800633E20 /* LaunchScreen.storyboard */ = {
			isa = PBXVariantGroup;
			children = (
				3F61CA042527436800633E20 /* Base */,
			);
			name = LaunchScreen.storyboard;
			sourceTree = "<group>";
		};
/* End PBXVariantGroup section */

/* Begin XCBuildConfiguration section */
		3F61CA1D2527436800633E20 /* Debug */ = {
			isa = XCBuildConfiguration;
			buildSettings = {
				ALWAYS_SEARCH_USER_PATHS = NO;
				CLANG_ANALYZER_NONNULL = YES;
				CLANG_ANALYZER_NUMBER_OBJECT_CONVERSION = YES_AGGRESSIVE;
				CLANG_CXX_LANGUAGE_STANDARD = "gnu++14";
				CLANG_CXX_LIBRARY = "libc++";
				CLANG_ENABLE_MODULES = YES;
				CLANG_ENABLE_OBJC_ARC = YES;
				CLANG_ENABLE_OBJC_WEAK = YES;
				CLANG_WARN_BLOCK_CAPTURE_AUTORELEASING = YES;
				CLANG_WARN_BOOL_CONVERSION = YES;
				CLANG_WARN_COMMA = YES;
				CLANG_WARN_CONSTANT_CONVERSION = YES;
				CLANG_WARN_DEPRECATED_OBJC_IMPLEMENTATIONS = YES;
				CLANG_WARN_DIRECT_OBJC_ISA_USAGE = YES_ERROR;
				CLANG_WARN_DOCUMENTATION_COMMENTS = YES;
				CLANG_WARN_EMPTY_BODY = YES;
				CLANG_WARN_ENUM_CONVERSION = YES;
				CLANG_WARN_INFINITE_RECURSION = YES;
				CLANG_WARN_INT_CONVERSION = YES;
				CLANG_WARN_NON_LITERAL_NULL_CONVERSION = YES;
				CLANG_WARN_OBJC_IMPLICIT_RETAIN_SELF = YES;
				CLANG_WARN_OBJC_LITERAL_CONVERSION = YES;
				CLANG_WARN_OBJC_ROOT_CLASS = YES_ERROR;
				CLANG_WARN_QUOTED_INCLUDE_IN_FRAMEWORK_HEADER = YES;
				CLANG_WARN_RANGE_LOOP_ANALYSIS = YES;
				CLANG_WARN_STRICT_PROTOTYPES = YES;
				CLANG_WARN_SUSPICIOUS_MOVE = YES;
				CLANG_WARN_UNGUARDED_AVAILABILITY = YES_AGGRESSIVE;
				CLANG_WARN_UNREACHABLE_CODE = YES;
				CLANG_WARN__DUPLICATE_METHOD_MATCH = YES;
				COPY_PHASE_STRIP = NO;
				DEBUG_INFORMATION_FORMAT = dwarf;
				ENABLE_STRICT_OBJC_MSGSEND = YES;
				ENABLE_TESTABILITY = YES;
				GCC_C_LANGUAGE_STANDARD = gnu11;
				GCC_DYNAMIC_NO_PIC = NO;
				GCC_NO_COMMON_BLOCKS = YES;
				GCC_OPTIMIZATION_LEVEL = 0;
				GCC_PREPROCESSOR_DEFINITIONS = (
					"DEBUG=1",
					"$(inherited)",
				);
				GCC_WARN_64_TO_32_BIT_CONVERSION = YES;
				GCC_WARN_ABOUT_RETURN_TYPE = YES_ERROR;
				GCC_WARN_UNDECLARED_SELECTOR = YES;
				GCC_WARN_UNINITIALIZED_AUTOS = YES_AGGRESSIVE;
				GCC_WARN_UNUSED_FUNCTION = YES;
				GCC_WARN_UNUSED_VARIABLE = YES;
				IPHONEOS_DEPLOYMENT_TARGET = 14.0;
				MTL_ENABLE_DEBUG_INFO = INCLUDE_SOURCE;
				MTL_FAST_MATH = YES;
				ONLY_ACTIVE_ARCH = YES;
				SDKROOT = iphoneos;
				SWIFT_ACTIVE_COMPILATION_CONDITIONS = DEBUG;
				SWIFT_OPTIMIZATION_LEVEL = "-Onone";
			};
			name = Debug;
		};
		3F61CA1E2527436800633E20 /* Release */ = {
			isa = XCBuildConfiguration;
			buildSettings = {
				ALWAYS_SEARCH_USER_PATHS = NO;
				CLANG_ANALYZER_NONNULL = YES;
				CLANG_ANALYZER_NUMBER_OBJECT_CONVERSION = YES_AGGRESSIVE;
				CLANG_CXX_LANGUAGE_STANDARD = "gnu++14";
				CLANG_CXX_LIBRARY = "libc++";
				CLANG_ENABLE_MODULES = YES;
				CLANG_ENABLE_OBJC_ARC = YES;
				CLANG_ENABLE_OBJC_WEAK = YES;
				CLANG_WARN_BLOCK_CAPTURE_AUTORELEASING = YES;
				CLANG_WARN_BOOL_CONVERSION = YES;
				CLANG_WARN_COMMA = YES;
				CLANG_WARN_CONSTANT_CONVERSION = YES;
				CLANG_WARN_DEPRECATED_OBJC_IMPLEMENTATIONS = YES;
				CLANG_WARN_DIRECT_OBJC_ISA_USAGE = YES_ERROR;
				CLANG_WARN_DOCUMENTATION_COMMENTS = YES;
				CLANG_WARN_EMPTY_BODY = YES;
				CLANG_WARN_ENUM_CONVERSION = YES;
				CLANG_WARN_INFINITE_RECURSION = YES;
				CLANG_WARN_INT_CONVERSION = YES;
				CLANG_WARN_NON_LITERAL_NULL_CONVERSION = YES;
				CLANG_WARN_OBJC_IMPLICIT_RETAIN_SELF = YES;
				CLANG_WARN_OBJC_LITERAL_CONVERSION = YES;
				CLANG_WARN_OBJC_ROOT_CLASS = YES_ERROR;
				CLANG_WARN_QUOTED_INCLUDE_IN_FRAMEWORK_HEADER = YES;
				CLANG_WARN_RANGE_LOOP_ANALYSIS = YES;
				CLANG_WARN_STRICT_PROTOTYPES = YES;
				CLANG_WARN_SUSPICIOUS_MOVE = YES;
				CLANG_WARN_UNGUARDED_AVAILABILITY = YES_AGGRESSIVE;
				CLANG_WARN_UNREACHABLE_CODE = YES;
				CLANG_WARN__DUPLICATE_METHOD_MATCH = YES;
				COPY_PHASE_STRIP = NO;
				DEBUG_INFORMATION_FORMAT = "dwarf-with-dsym";
				ENABLE_NS_ASSERTIONS = NO;
				ENABLE_STRICT_OBJC_MSGSEND = YES;
				GCC_C_LANGUAGE_STANDARD = gnu11;
				GCC_NO_COMMON_BLOCKS = YES;
				GCC_WARN_64_TO_32_BIT_CONVERSION = YES;
				GCC_WARN_ABOUT_RETURN_TYPE = YES_ERROR;
				GCC_WARN_UNDECLARED_SELECTOR = YES;
				GCC_WARN_UNINITIALIZED_AUTOS = YES_AGGRESSIVE;
				GCC_WARN_UNUSED_FUNCTION = YES;
				GCC_WARN_UNUSED_VARIABLE = YES;
				IPHONEOS_DEPLOYMENT_TARGET = 14.0;
				MTL_ENABLE_DEBUG_INFO = NO;
				MTL_FAST_MATH = YES;
				SDKROOT = iphoneos;
				SWIFT_COMPILATION_MODE = wholemodule;
				SWIFT_OPTIMIZATION_LEVEL = "-O";
				VALIDATE_PRODUCT = YES;
			};
			name = Release;
		};
		3F61CA202527436800633E20 /* Debug */ = {
			isa = XCBuildConfiguration;
			buildSettings = {
				ASSETCATALOG_COMPILER_APPICON_NAME = AppIcon;
				ASSETCATALOG_COMPILER_GLOBAL_ACCENT_COLOR_NAME = AccentColor;
				CODE_SIGN_STYLE = Automatic;
				INFOPLIST_FILE = try2/Info.plist;
				LD_RUNPATH_SEARCH_PATHS = (
					"$(inherited)",
					"@executable_path/Frameworks",
				);
				PRODUCT_BUNDLE_IDENTIFIER = smolgu.try2;
				PRODUCT_NAME = "$(TARGET_NAME)";
				SWIFT_VERSION = 5.0;
				TARGETED_DEVICE_FAMILY = "1,2";
			};
			name = Debug;
		};
		3F61CA212527436800633E20 /* Release */ = {
			isa = XCBuildConfiguration;
			buildSettings = {
				ASSETCATALOG_COMPILER_APPICON_NAME = AppIcon;
				ASSETCATALOG_COMPILER_GLOBAL_ACCENT_COLOR_NAME = AccentColor;
				CODE_SIGN_STYLE = Automatic;
				INFOPLIST_FILE = try2/Info.plist;
				LD_RUNPATH_SEARCH_PATHS = (
					"$(inherited)",
					"@executable_path/Frameworks",
				);
				PRODUCT_BUNDLE_IDENTIFIER = smolgu.try2;
				PRODUCT_NAME = "$(TARGET_NAME)";
				SWIFT_VERSION = 5.0;
				TARGETED_DEVICE_FAMILY = "1,2";
			};
			name = Release;
		};
		3F61CA232527436800633E20 /* Debug */ = {
			isa = XCBuildConfiguration;
			buildSettings = {
				ALWAYS_EMBED_SWIFT_STANDARD_LIBRARIES = YES;
				BUNDLE_LOADER = "$(TEST_HOST)";
				CODE_SIGN_STYLE = Automatic;
				INFOPLIST_FILE = try2Tests/Info.plist;
				IPHONEOS_DEPLOYMENT_TARGET = 14.0;
				LD_RUNPATH_SEARCH_PATHS = (
					"$(inherited)",
					"@executable_path/Frameworks",
					"@loader_path/Frameworks",
				);
				PRODUCT_BUNDLE_IDENTIFIER = smolgu.try2Tests;
				PRODUCT_NAME = "$(TARGET_NAME)";
				SWIFT_VERSION = 5.0;
				TARGETED_DEVICE_FAMILY = "1,2";
				TEST_HOST = "$(BUILT_PRODUCTS_DIR)/try2.app/try2";
			};
			name = Debug;
		};
		3F61CA242527436800633E20 /* Release */ = {
			isa = XCBuildConfiguration;
			buildSettings = {
				ALWAYS_EMBED_SWIFT_STANDARD_LIBRARIES = YES;
				BUNDLE_LOADER = "$(TEST_HOST)";
				CODE_SIGN_STYLE = Automatic;
				INFOPLIST_FILE = try2Tests/Info.plist;
				IPHONEOS_DEPLOYMENT_TARGET = 14.0;
				LD_RUNPATH_SEARCH_PATHS = (
					"$(inherited)",
					"@executable_path/Frameworks",
					"@loader_path/Frameworks",
				);
				PRODUCT_BUNDLE_IDENTIFIER = smolgu.try2Tests;
				PRODUCT_NAME = "$(TARGET_NAME)";
				SWIFT_VERSION = 5.0;
				TARGETED_DEVICE_FAMILY = "1,2";
				TEST_HOST = "$(BUILT_PRODUCTS_DIR)/try2.app/try2";
			};
			name = Release;
		};
		3F61CA262527436800633E20 /* Debug */ = {
			isa = XCBuildConfiguration;
			buildSettings = {
				ALWAYS_EMBED_SWIFT_STANDARD_LIBRARIES = YES;
				CODE_SIGN_STYLE = Automatic;
				INFOPLIST_FILE = try2UITests/Info.plist;
				LD_RUNPATH_SEARCH_PATHS = (
					"$(inherited)",
					"@executable_path/Frameworks",
					"@loader_path/Frameworks",
				);
				PRODUCT_BUNDLE_IDENTIFIER = smolgu.try2UITests;
				PRODUCT_NAME = "$(TARGET_NAME)";
				SWIFT_VERSION = 5.0;
				TARGETED_DEVICE_FAMILY = "1,2";
				TEST_TARGET_NAME = try2;
			};
			name = Debug;
		};
		3F61CA272527436800633E20 /* Release */ = {
			isa = XCBuildConfiguration;
			buildSettings = {
				ALWAYS_EMBED_SWIFT_STANDARD_LIBRARIES = YES;
				CODE_SIGN_STYLE = Automatic;
				INFOPLIST_FILE = try2UITests/Info.plist;
				LD_RUNPATH_SEARCH_PATHS = (
					"$(inherited)",
					"@executable_path/Frameworks",
					"@loader_path/Frameworks",
				);
				PRODUCT_BUNDLE_IDENTIFIER = smolgu.try2UITests;
				PRODUCT_NAME = "$(TARGET_NAME)";
				SWIFT_VERSION = 5.0;
				TARGETED_DEVICE_FAMILY = "1,2";
				TEST_TARGET_NAME = try2;
			};
			name = Release;
		};
/* End XCBuildConfiguration section */

/* Begin XCConfigurationList section */
		3F61C9F02527435F00633E20 /* Build configuration list for PBXProject "try2" */ = {
			isa = XCConfigurationList;
			buildConfigurations = (
				3F61CA1D2527436800633E20 /* Debug */,
				3F61CA1E2527436800633E20 /* Release */,
			);
			defaultConfigurationIsVisible = 0;
			defaultConfigurationName = Release;
		};
		3F61CA1F2527436800633E20 /* Build configuration list for PBXNativeTarget "try2" */ = {
			isa = XCConfigurationList;
			buildConfigurations = (
				3F61CA202527436800633E20 /* Debug */,
				3F61CA212527436800633E20 /* Release */,
			);
			defaultConfigurationIsVisible = 0;
			defaultConfigurationName = Release;
		};
		3F61CA222527436800633E20 /* Build configuration list for PBXNativeTarget "try2Tests" */ = {
			isa = XCConfigurationList;
			buildConfigurations = (
				3F61CA232527436800633E20 /* Debug */,
				3F61CA242527436800633E20 /* Release */,
			);
			defaultConfigurationIsVisible = 0;
			defaultConfigurationName = Release;
		};
		3F61CA252527436800633E20 /* Build configuration list for PBXNativeTarget "try2UITests" */ = {
			isa = XCConfigurationList;
			buildConfigurations = (
				3F61CA262527436800633E20 /* Debug */,
				3F61CA272527436800633E20 /* Release */,
			);
			defaultConfigurationIsVisible = 0;
			defaultConfigurationName = Release;
		};
/* End XCConfigurationList section */
	};
	rootObject = 3F61C9ED2527435F00633E20 /* Project object */;
}
